Microsoft Visual Studio Solution File, Format Version 12.00
# Visual Studio Version 17
VisualStudioVersion = 17.5.2.0
MinimumVisualStudioVersion = 10.0.40219.1
Project("{FAE04EC0-301F-11D3-BF4B-00C04F79EFBC}") = "AutoSchool", "AutoSchool.csproj", "{12DEAD39-E139-F1A7-BC24-4E0C1A5FFE43}"
EndProject
Global
	GlobalSection(SolutionConfigurationPlatforms) = preSolution
		Debug|Any CPU = Debug|Any CPU
		Release|Any CPU = Release|Any CPU
	EndGlobalSection
	GlobalSection(ProjectConfigurationPlatforms) = postSolution
		{12DEAD39-E139-F1A7-BC24-4E0C1A5FFE43}.Debug|Any CPU.ActiveCfg = Debug|Any CPU
		{12DEAD39-E139-F1A7-BC24-4E0C1A5FFE43}.Debug|Any CPU.Build.0 = Debug|Any CPU
		{12DEAD39-E139-F1A7-BC24-4E0C1A5FFE43}.Release|Any CPU.ActiveCfg = Release|Any CPU
		{12DEAD39-E139-F1A7-BC24-4E0C1A5FFE43}.Release|Any CPU.Build.0 = Release|Any CPU
	EndGlobalSection
	GlobalSection(SolutionProperties) = preSolution
		HideSolutionNode = FALSE
	EndGlobalSection
	GlobalSection(ExtensibilityGlobals) = postSolution
		SolutionGuid = {245DA701-1FD8-4A36-9595-EEA33EF256C0}
	EndGlobalSection
EndGlobal
